// !$*UTF8*$!
{
	archiveVersion = 1;
	classes = {
	};
	objectVersion = 56;
	objects = {

/* Begin PBXBuildFile section */
		7484FEF12D66736700563EB7 /* GoogleService-Info.plist in Resources */ = {isa = PBXBuildFile; fileRef = 7484FEF02D66736700563EB7 /* GoogleService-Info.plist */; };
		7484FEF62D66772400563EB7 /* ProfileModel.swift in Sources */ = {isa = PBXBuildFile; fileRef = 7484FEF52D66772400563EB7 /* ProfileModel.swift */; };
		7484FEF82D6677B600563EB7 /* ProfileView.swift in Sources */ = {isa = PBXBuildFile; fileRef = 7484FEF72D6677B600563EB7 /* ProfileView.swift */; };
		7484FEFD2D667DF100563EB7 /* LoginView.swift in Sources */ = {isa = PBXBuildFile; fileRef = 7484FEFC2D667DF100563EB7 /* LoginView.swift */; };
		7484FEFF2D667DFE00563EB7 /* LoginViewModel.swift in Sources */ = {isa = PBXBuildFile; fileRef = 7484FEFE2D667DFE00563EB7 /* LoginViewModel.swift */; };
		7484FF022D66800700563EB7 /* Firestore.swift in Sources */ = {isa = PBXBuildFile; fileRef = 7484FF012D66800700563EB7 /* Firestore.swift */; };
		7484FF052D66820500563EB7 /* FirebaseAuth in Frameworks */ = {isa = PBXBuildFile; productRef = 7484FF042D66820500563EB7 /* FirebaseAuth */; };
		7484FF072D66820500563EB7 /* FirebaseFirestore in Frameworks */ = {isa = PBXBuildFile; productRef = 7484FF062D66820500563EB7 /* FirebaseFirestore */; };
		7484FF092D66820500563EB7 /* FirebaseFirestoreSwift-Beta in Frameworks */ = {isa = PBXBuildFile; productRef = 7484FF082D66820500563EB7 /* FirebaseFirestoreSwift-Beta */; };
		7484FF0B2D66820500563EB7 /* FirebaseStorage in Frameworks */ = {isa = PBXBuildFile; productRef = 7484FF0A2D66820500563EB7 /* FirebaseStorage */; };
		7484FF0D2D668DCF00563EB7 /* RegistrationView.swift in Sources */ = {isa = PBXBuildFile; fileRef = 7484FF0C2D668DCF00563EB7 /* RegistrationView.swift */; };
		7484FF0F2D668DDE00563EB7 /* RegistrationViewModel.swift in Sources */ = {isa = PBXBuildFile; fileRef = 7484FF0E2D668DDE00563EB7 /* RegistrationViewModel.swift */; };
		7484FF112D669DFC00563EB7 /* AuthView.swift in Sources */ = {isa = PBXBuildFile; fileRef = 7484FF102D669DFC00563EB7 /* AuthView.swift */; };
		74856B052D67175F0078A051 /* KeyboardModel.swift in Sources */ = {isa = PBXBuildFile; fileRef = 74856B042D67175F0078A051 /* KeyboardModel.swift */; };
		74856B072D67177E0078A051 /* KeyboardViewModel.swift in Sources */ = {isa = PBXBuildFile; fileRef = 74856B062D67177E0078A051 /* KeyboardViewModel.swift */; };
		74856B092D6717980078A051 /* KeyboardView.swift in Sources */ = {isa = PBXBuildFile; fileRef = 74856B082D6717980078A051 /* KeyboardView.swift */; };
		74856B0B2D671B980078A051 /* RatingModel.swift in Sources */ = {isa = PBXBuildFile; fileRef = 74856B0A2D671B980078A051 /* RatingModel.swift */; };
		74856B0D2D671BA40078A051 /* RatingView.swift in Sources */ = {isa = PBXBuildFile; fileRef = 74856B0C2D671BA40078A051 /* RatingView.swift */; };
		74856B0F2D671BB00078A051 /* StarRatingView.swift in Sources */ = {isa = PBXBuildFile; fileRef = 74856B0E2D671BB00078A051 /* StarRatingView.swift */; };
		74856B152D67273D0078A051 /* KeyboardCardView.swift in Sources */ = {isa = PBXBuildFile; fileRef = 74856B142D67273D0078A051 /* KeyboardCardView.swift */; };
		74856B172D6727600078A051 /* KeyboardListViewModel.swift in Sources */ = {isa = PBXBuildFile; fileRef = 74856B162D6727600078A051 /* KeyboardListViewModel.swift */; };
		74856B192D6727790078A051 /* KeyboardListView.swift in Sources */ = {isa = PBXBuildFile; fileRef = 74856B182D6727790078A051 /* KeyboardListView.swift */; };
		74856B1E2D67312F0078A051 /* MainView.swift in Sources */ = {isa = PBXBuildFile; fileRef = 74856B1D2D67312F0078A051 /* MainView.swift */; };
		749928872D666EF7007B83A2 /* isoApp.swift in Sources */ = {isa = PBXBuildFile; fileRef = 749928862D666EF7007B83A2 /* isoApp.swift */; };
		749928892D666EF7007B83A2 /* ContentView.swift in Sources */ = {isa = PBXBuildFile; fileRef = 749928882D666EF7007B83A2 /* ContentView.swift */; };
		7499288B2D666EF8007B83A2 /* Assets.xcassets in Resources */ = {isa = PBXBuildFile; fileRef = 7499288A2D666EF8007B83A2 /* Assets.xcassets */; };
		7499288E2D666EF8007B83A2 /* Preview Assets.xcassets in Resources */ = {isa = PBXBuildFile; fileRef = 7499288D2D666EF8007B83A2 /* Preview Assets.xcassets */; };
/* End PBXBuildFile section */

/* Begin PBXFileReference section */
		7484FEF02D66736700563EB7 /* GoogleService-Info.plist */ = {isa = PBXFileReference; fileEncoding = 4; lastKnownFileType = text.plist.xml; name = "GoogleService-Info.plist"; path = "../../GoogleService-Info.plist"; sourceTree = "<group>"; };
		7484FEF52D66772400563EB7 /* ProfileModel.swift */ = {isa = PBXFileReference; lastKnownFileType = sourcecode.swift; path = ProfileModel.swift; sourceTree = "<group>"; };
		7484FEF72D6677B600563EB7 /* ProfileView.swift */ = {isa = PBXFileReference; lastKnownFileType = sourcecode.swift; path = ProfileView.swift; sourceTree = "<group>"; };
		7484FEFC2D667DF100563EB7 /* LoginView.swift */ = {isa = PBXFileReference; lastKnownFileType = sourcecode.swift; path = LoginView.swift; sourceTree = "<group>"; };
		7484FEFE2D667DFE00563EB7 /* LoginViewModel.swift */ = {isa = PBXFileReference; lastKnownFileType = sourcecode.swift; path = LoginViewModel.swift; sourceTree = "<group>"; };
		7484FF012D66800700563EB7 /* Firestore.swift */ = {isa = PBXFileReference; lastKnownFileType = sourcecode.swift; path = Firestore.swift; sourceTree = "<group>"; };
		7484FF0C2D668DCF00563EB7 /* RegistrationView.swift */ = {isa = PBXFileReference; lastKnownFileType = sourcecode.swift; path = RegistrationView.swift; sourceTree = "<group>"; };
		7484FF0E2D668DDE00563EB7 /* RegistrationViewModel.swift */ = {isa = PBXFileReference; lastKnownFileType = sourcecode.swift; path = RegistrationViewModel.swift; sourceTree = "<group>"; };
		7484FF102D669DFC00563EB7 /* AuthView.swift */ = {isa = PBXFileReference; lastKnownFileType = sourcecode.swift; path = AuthView.swift; sourceTree = "<group>"; };
		74856B042D67175F0078A051 /* KeyboardModel.swift */ = {isa = PBXFileReference; lastKnownFileType = sourcecode.swift; path = KeyboardModel.swift; sourceTree = "<group>"; };
		74856B062D67177E0078A051 /* KeyboardViewModel.swift */ = {isa = PBXFileReference; lastKnownFileType = sourcecode.swift; path = KeyboardViewModel.swift; sourceTree = "<group>"; };
		74856B082D6717980078A051 /* KeyboardView.swift */ = {isa = PBXFileReference; lastKnownFileType = sourcecode.swift; path = KeyboardView.swift; sourceTree = "<group>"; };
		74856B0A2D671B980078A051 /* RatingModel.swift */ = {isa = PBXFileReference; lastKnownFileType = sourcecode.swift; path = RatingModel.swift; sourceTree = "<group>"; };
		74856B0C2D671BA40078A051 /* RatingView.swift */ = {isa = PBXFileReference; lastKnownFileType = sourcecode.swift; path = RatingView.swift; sourceTree = "<group>"; };
		74856B0E2D671BB00078A051 /* StarRatingView.swift */ = {isa = PBXFileReference; lastKnownFileType = sourcecode.swift; path = StarRatingView.swift; sourceTree = "<group>"; };
		74856B142D67273D0078A051 /* KeyboardCardView.swift */ = {isa = PBXFileReference; lastKnownFileType = sourcecode.swift; path = KeyboardCardView.swift; sourceTree = "<group>"; };
		74856B162D6727600078A051 /* KeyboardListViewModel.swift */ = {isa = PBXFileReference; lastKnownFileType = sourcecode.swift; path = KeyboardListViewModel.swift; sourceTree = "<group>"; };
		74856B182D6727790078A051 /* KeyboardListView.swift */ = {isa = PBXFileReference; lastKnownFileType = sourcecode.swift; path = KeyboardListView.swift; sourceTree = "<group>"; };
		74856B1D2D67312F0078A051 /* MainView.swift */ = {isa = PBXFileReference; lastKnownFileType = sourcecode.swift; path = MainView.swift; sourceTree = "<group>"; };
		749928832D666EF7007B83A2 /* iso.app */ = {isa = PBXFileReference; explicitFileType = wrapper.application; includeInIndex = 0; path = iso.app; sourceTree = BUILT_PRODUCTS_DIR; };
		749928862D666EF7007B83A2 /* isoApp.swift */ = {isa = PBXFileReference; lastKnownFileType = sourcecode.swift; path = isoApp.swift; sourceTree = "<group>"; };
		749928882D666EF7007B83A2 /* ContentView.swift */ = {isa = PBXFileReference; lastKnownFileType = sourcecode.swift; path = ContentView.swift; sourceTree = "<group>"; };
		7499288A2D666EF8007B83A2 /* Assets.xcassets */ = {isa = PBXFileReference; lastKnownFileType = folder.assetcatalog; path = Assets.xcassets; sourceTree = "<group>"; };
		7499288D2D666EF8007B83A2 /* Preview Assets.xcassets */ = {isa = PBXFileReference; lastKnownFileType = folder.assetcatalog; path = "Preview Assets.xcassets"; sourceTree = "<group>"; };
/* End PBXFileReference section */

/* Begin PBXFrameworksBuildPhase section */
		749928802D666EF7007B83A2 /* Frameworks */ = {
			isa = PBXFrameworksBuildPhase;
			buildActionMask = 2147483647;
			files = (
				7484FF092D66820500563EB7 /* FirebaseFirestoreSwift-Beta in Frameworks */,
				7484FF0B2D66820500563EB7 /* FirebaseStorage in Frameworks */,
				7484FF052D66820500563EB7 /* FirebaseAuth in Frameworks */,
				7484FF072D66820500563EB7 /* FirebaseFirestore in Frameworks */,
			);
			runOnlyForDeploymentPostprocessing = 0;
		};
/* End PBXFrameworksBuildPhase section */

/* Begin PBXGroup section */
		7484FEF22D66765500563EB7 /* Modules */ = {
			isa = PBXGroup;
			children = (
				74856B012D67171F0078A051 /* Keyboard */,
				7484FF002D667FE800563EB7 /* Firestore */,
				7484FEF42D6676E800563EB7 /* Profile */,
				7484FEF32D66769C00563EB7 /* Main */,
			);
			path = Modules;
			sourceTree = "<group>";
		};
		7484FEF32D66769C00563EB7 /* Main */ = {
			isa = PBXGroup;
			children = (
				74856B1D2D67312F0078A051 /* MainView.swift */,
			);
			path = Main;
			sourceTree = "<group>";
		};
		7484FEF42D6676E800563EB7 /* Profile */ = {
			isa = PBXGroup;
			children = (
				7484FEF72D6677B600563EB7 /* ProfileView.swift */,
				7484FEF52D66772400563EB7 /* ProfileModel.swift */,
				7484FEF92D667D9400563EB7 /* Auth */,
			);
			path = Profile;
			sourceTree = "<group>";
		};
		7484FEF92D667D9400563EB7 /* Auth */ = {
			isa = PBXGroup;
			children = (
				7484FEFB2D667DCF00563EB7 /* Registration */,
				7484FEFA2D667DC500563EB7 /* Login */,
				7484FF102D669DFC00563EB7 /* AuthView.swift */,
			);
			path = Auth;
			sourceTree = "<group>";
		};
		7484FEFA2D667DC500563EB7 /* Login */ = {
			isa = PBXGroup;
			children = (
				7484FEFC2D667DF100563EB7 /* LoginView.swift */,
				7484FEFE2D667DFE00563EB7 /* LoginViewModel.swift */,
			);
			path = Login;
			sourceTree = "<group>";
		};
		7484FEFB2D667DCF00563EB7 /* Registration */ = {
			isa = PBXGroup;
			children = (
				7484FF0C2D668DCF00563EB7 /* RegistrationView.swift */,
				7484FF0E2D668DDE00563EB7 /* RegistrationViewModel.swift */,
			);
			path = Registration;
			sourceTree = "<group>";
		};
		7484FF002D667FE800563EB7 /* Firestore */ = {
			isa = PBXGroup;
			children = (
				7484FF012D66800700563EB7 /* Firestore.swift */,
			);
			path = Firestore;
			sourceTree = "<group>";
		};
		74856B012D67171F0078A051 /* Keyboard */ = {
			isa = PBXGroup;
			children = (
				74856B032D67173C0078A051 /* KeyboardList */,
				74856B022D6717310078A051 /* Rating */,
				74856B042D67175F0078A051 /* KeyboardModel.swift */,
				74856B062D67177E0078A051 /* KeyboardViewModel.swift */,
				74856B082D6717980078A051 /* KeyboardView.swift */,
			);
			path = Keyboard;
			sourceTree = "<group>";
		};
		74856B022D6717310078A051 /* Rating */ = {
			isa = PBXGroup;
			children = (
				74856B0A2D671B980078A051 /* RatingModel.swift */,
				74856B0C2D671BA40078A051 /* RatingView.swift */,
				74856B0E2D671BB00078A051 /* StarRatingView.swift */,
			);
			path = Rating;
			sourceTree = "<group>";
		};
		74856B032D67173C0078A051 /* KeyboardList */ = {
			isa = PBXGroup;
			children = (
				74856B142D67273D0078A051 /* KeyboardCardView.swift */,
				74856B162D6727600078A051 /* KeyboardListViewModel.swift */,
				74856B182D6727790078A051 /* KeyboardListView.swift */,
			);
			path = KeyboardList;
			sourceTree = "<group>";
		};
		7499287A2D666EF7007B83A2 = {
			isa = PBXGroup;
			children = (
				749928852D666EF7007B83A2 /* iso */,
				749928842D666EF7007B83A2 /* Products */,
			);
			sourceTree = "<group>";
		};
		749928842D666EF7007B83A2 /* Products */ = {
			isa = PBXGroup;
			children = (
				749928832D666EF7007B83A2 /* iso.app */,
			);
			name = Products;
			sourceTree = "<group>";
		};
		749928852D666EF7007B83A2 /* iso */ = {
			isa = PBXGroup;
			children = (
				7484FEF22D66765500563EB7 /* Modules */,
				749928862D666EF7007B83A2 /* isoApp.swift */,
				749928882D666EF7007B83A2 /* ContentView.swift */,
				7484FEF02D66736700563EB7 /* GoogleService-Info.plist */,
				7499288A2D666EF8007B83A2 /* Assets.xcassets */,
				7499288C2D666EF8007B83A2 /* Preview Content */,
			);
			path = iso;
			sourceTree = "<group>";
		};
		7499288C2D666EF8007B83A2 /* Preview Content */ = {
			isa = PBXGroup;
			children = (
				7499288D2D666EF8007B83A2 /* Preview Assets.xcassets */,
			);
			path = "Preview Content";
			sourceTree = "<group>";
		};
/* End PBXGroup section */

/* Begin PBXNativeTarget section */
		749928822D666EF7007B83A2 /* iso */ = {
			isa = PBXNativeTarget;
			buildConfigurationList = 749928912D666EF8007B83A2 /* Build configuration list for PBXNativeTarget "iso" */;
			buildPhases = (
				7499287F2D666EF7007B83A2 /* Sources */,
				749928802D666EF7007B83A2 /* Frameworks */,
				749928812D666EF7007B83A2 /* Resources */,
			);
			buildRules = (
			);
			dependencies = (
			);
			name = iso;
			packageProductDependencies = (
				7484FF042D66820500563EB7 /* FirebaseAuth */,
				7484FF062D66820500563EB7 /* FirebaseFirestore */,
				7484FF082D66820500563EB7 /* FirebaseFirestoreSwift-Beta */,
				7484FF0A2D66820500563EB7 /* FirebaseStorage */,
			);
			productName = iso;
			productReference = 749928832D666EF7007B83A2 /* iso.app */;
			productType = "com.apple.product-type.application";
		};
/* End PBXNativeTarget section */

/* Begin PBXProject section */
		7499287B2D666EF7007B83A2 /* Project object */ = {
			isa = PBXProject;
			attributes = {
				BuildIndependentTargetsInParallel = 1;
				LastSwiftUpdateCheck = 1430;
				LastUpgradeCheck = 1430;
				TargetAttributes = {
					749928822D666EF7007B83A2 = {
						CreatedOnToolsVersion = 14.3.1;
					};
				};
			};
			buildConfigurationList = 7499287E2D666EF7007B83A2 /* Build configuration list for PBXProject "iso" */;
			compatibilityVersion = "Xcode 14.0";
			developmentRegion = en;
			hasScannedForEncodings = 0;
			knownRegions = (
				en,
				Base,
			);
			mainGroup = 7499287A2D666EF7007B83A2;
			packageReferences = (
				7484FF032D66820500563EB7 /* XCRemoteSwiftPackageReference "firebase-ios-sdk" */,
			);
			productRefGroup = 749928842D666EF7007B83A2 /* Products */;
			projectDirPath = "";
			projectRoot = "";
			targets = (
				749928822D666EF7007B83A2 /* iso */,
			);
		};
/* End PBXProject section */

/* Begin PBXResourcesBuildPhase section */
		749928812D666EF7007B83A2 /* Resources */ = {
			isa = PBXResourcesBuildPhase;
			buildActionMask = 2147483647;
			files = (
				7499288E2D666EF8007B83A2 /* Preview Assets.xcassets in Resources */,
				7499288B2D666EF8007B83A2 /* Assets.xcassets in Resources */,
				7484FEF12D66736700563EB7 /* GoogleService-Info.plist in Resources */,
			);
			runOnlyForDeploymentPostprocessing = 0;
		};
/* End PBXResourcesBuildPhase section */

/* Begin PBXSourcesBuildPhase section */
		7499287F2D666EF7007B83A2 /* Sources */ = {
			isa = PBXSourcesBuildPhase;
			buildActionMask = 2147483647;
			files = (
				7484FEF82D6677B600563EB7 /* ProfileView.swift in Sources */,
				74856B092D6717980078A051 /* KeyboardView.swift in Sources */,
				7484FF0F2D668DDE00563EB7 /* RegistrationViewModel.swift in Sources */,
				74856B0D2D671BA40078A051 /* RatingView.swift in Sources */,
				7484FEF62D66772400563EB7 /* ProfileModel.swift in Sources */,
				74856B0B2D671B980078A051 /* RatingModel.swift in Sources */,
				7484FEFF2D667DFE00563EB7 /* LoginViewModel.swift in Sources */,
				7484FF022D66800700563EB7 /* Firestore.swift in Sources */,
				749928892D666EF7007B83A2 /* ContentView.swift in Sources */,
				74856B172D6727600078A051 /* KeyboardListViewModel.swift in Sources */,
				74856B0F2D671BB00078A051 /* StarRatingView.swift in Sources */,
				74856B152D67273D0078A051 /* KeyboardCardView.swift in Sources */,
				74856B192D6727790078A051 /* KeyboardListView.swift in Sources */,
				74856B1E2D67312F0078A051 /* MainView.swift in Sources */,
				7484FF112D669DFC00563EB7 /* AuthView.swift in Sources */,
				74856B052D67175F0078A051 /* KeyboardModel.swift in Sources */,
				7484FEFD2D667DF100563EB7 /* LoginView.swift in Sources */,
				749928872D666EF7007B83A2 /* isoApp.swift in Sources */,
				7484FF0D2D668DCF00563EB7 /* RegistrationView.swift in Sources */,
				74856B072D67177E0078A051 /* KeyboardViewModel.swift in Sources */,
			);
			runOnlyForDeploymentPostprocessing = 0;
		};
/* End PBXSourcesBuildPhase section */

/* Begin XCBuildConfiguration section */
		7499288F2D666EF8007B83A2 /* Debug */ = {
			isa = XCBuildConfiguration;
			buildSettings = {
				ALWAYS_SEARCH_USER_PATHS = NO;
				CLANG_ANALYZER_NONNULL = YES;
				CLANG_ANALYZER_NUMBER_OBJECT_CONVERSION = YES_AGGRESSIVE;
				CLANG_CXX_LANGUAGE_STANDARD = "gnu++20";
				CLANG_ENABLE_MODULES = YES;
				CLANG_ENABLE_OBJC_ARC = YES;
				CLANG_ENABLE_OBJC_WEAK = YES;
				CLANG_WARN_BLOCK_CAPTURE_AUTORELEASING = YES;
				CLANG_WARN_BOOL_CONVERSION = YES;
				CLANG_WARN_COMMA = YES;
				CLANG_WARN_CONSTANT_CONVERSION = YES;
				CLANG_WARN_DEPRECATED_OBJC_IMPLEMENTATIONS = YES;
				CLANG_WARN_DIRECT_OBJC_ISA_USAGE = YES_ERROR;
				CLANG_WARN_DOCUMENTATION_COMMENTS = YES;
				CLANG_WARN_EMPTY_BODY = YES;
				CLANG_WARN_ENUM_CONVERSION = YES;
				CLANG_WARN_INFINITE_RECURSION = YES;
				CLANG_WARN_INT_CONVERSION = YES;
				CLANG_WARN_NON_LITERAL_NULL_CONVERSION = YES;
				CLANG_WARN_OBJC_IMPLICIT_RETAIN_SELF = YES;
				CLANG_WARN_OBJC_LITERAL_CONVERSION = YES;
				CLANG_WARN_OBJC_ROOT_CLASS = YES_ERROR;
				CLANG_WARN_QUOTED_INCLUDE_IN_FRAMEWORK_HEADER = YES;
				CLANG_WARN_RANGE_LOOP_ANALYSIS = YES;
				CLANG_WARN_STRICT_PROTOTYPES = YES;
				CLANG_WARN_SUSPICIOUS_MOVE = YES;
				CLANG_WARN_UNGUARDED_AVAILABILITY = YES_AGGRESSIVE;
				CLANG_WARN_UNREACHABLE_CODE = YES;
				CLANG_WARN__DUPLICATE_METHOD_MATCH = YES;
				COPY_PHASE_STRIP = NO;
				DEBUG_INFORMATION_FORMAT = dwarf;
				ENABLE_STRICT_OBJC_MSGSEND = YES;
				ENABLE_TESTABILITY = YES;
				GCC_C_LANGUAGE_STANDARD = gnu11;
				GCC_DYNAMIC_NO_PIC = NO;
				GCC_NO_COMMON_BLOCKS = YES;
				GCC_OPTIMIZATION_LEVEL = 0;
				GCC_PREPROCESSOR_DEFINITIONS = (
					"DEBUG=1",
					"$(inherited)",
				);
				GCC_WARN_64_TO_32_BIT_CONVERSION = YES;
				GCC_WARN_ABOUT_RETURN_TYPE = YES_ERROR;
				GCC_WARN_UNDECLARED_SELECTOR = YES;
				GCC_WARN_UNINITIALIZED_AUTOS = YES_AGGRESSIVE;
				GCC_WARN_UNUSED_FUNCTION = YES;
				GCC_WARN_UNUSED_VARIABLE = YES;
				IPHONEOS_DEPLOYMENT_TARGET = 16.4;
				MTL_ENABLE_DEBUG_INFO = INCLUDE_SOURCE;
				MTL_FAST_MATH = YES;
				ONLY_ACTIVE_ARCH = YES;
				SDKROOT = iphoneos;
				SWIFT_ACTIVE_COMPILATION_CONDITIONS = DEBUG;
				SWIFT_OPTIMIZATION_LEVEL = "-Onone";
			};
			name = Debug;
		};
		749928902D666EF8007B83A2 /* Release */ = {
			isa = XCBuildConfiguration;
			buildSettings = {
				ALWAYS_SEARCH_USER_PATHS = NO;
				CLANG_ANALYZER_NONNULL = YES;
				CLANG_ANALYZER_NUMBER_OBJECT_CONVERSION = YES_AGGRESSIVE;
				CLANG_CXX_LANGUAGE_STANDARD = "gnu++20";
				CLANG_ENABLE_MODULES = YES;
				CLANG_ENABLE_OBJC_ARC = YES;
				CLANG_ENABLE_OBJC_WEAK = YES;
				CLANG_WARN_BLOCK_CAPTURE_AUTORELEASING = YES;
				CLANG_WARN_BOOL_CONVERSION = YES;
				CLANG_WARN_COMMA = YES;
				CLANG_WARN_CONSTANT_CONVERSION = YES;
				CLANG_WARN_DEPRECATED_OBJC_IMPLEMENTATIONS = YES;
				CLANG_WARN_DIRECT_OBJC_ISA_USAGE = YES_ERROR;
				CLANG_WARN_DOCUMENTATION_COMMENTS = YES;
				CLANG_WARN_EMPTY_BODY = YES;
				CLANG_WARN_ENUM_CONVERSION = YES;
				CLANG_WARN_INFINITE_RECURSION = YES;
				CLANG_WARN_INT_CONVERSION = YES;
				CLANG_WARN_NON_LITERAL_NULL_CONVERSION = YES;
				CLANG_WARN_OBJC_IMPLICIT_RETAIN_SELF = YES;
				CLANG_WARN_OBJC_LITERAL_CONVERSION = YES;
				CLANG_WARN_OBJC_ROOT_CLASS = YES_ERROR;
				CLANG_WARN_QUOTED_INCLUDE_IN_FRAMEWORK_HEADER = YES;
				CLANG_WARN_RANGE_LOOP_ANALYSIS = YES;
				CLANG_WARN_STRICT_PROTOTYPES = YES;
				CLANG_WARN_SUSPICIOUS_MOVE = YES;
				CLANG_WARN_UNGUARDED_AVAILABILITY = YES_AGGRESSIVE;
				CLANG_WARN_UNREACHABLE_CODE = YES;
				CLANG_WARN__DUPLICATE_METHOD_MATCH = YES;
				COPY_PHASE_STRIP = NO;
				DEBUG_INFORMATION_FORMAT = "dwarf-with-dsym";
				ENABLE_NS_ASSERTIONS = NO;
				ENABLE_STRICT_OBJC_MSGSEND = YES;
				GCC_C_LANGUAGE_STANDARD = gnu11;
				GCC_NO_COMMON_BLOCKS = YES;
				GCC_WARN_64_TO_32_BIT_CONVERSION = YES;
				GCC_WARN_ABOUT_RETURN_TYPE = YES_ERROR;
				GCC_WARN_UNDECLARED_SELECTOR = YES;
				GCC_WARN_UNINITIALIZED_AUTOS = YES_AGGRESSIVE;
				GCC_WARN_UNUSED_FUNCTION = YES;
				GCC_WARN_UNUSED_VARIABLE = YES;
				IPHONEOS_DEPLOYMENT_TARGET = 16.4;
				MTL_ENABLE_DEBUG_INFO = NO;
				MTL_FAST_MATH = YES;
				SDKROOT = iphoneos;
				SWIFT_COMPILATION_MODE = wholemodule;
				SWIFT_OPTIMIZATION_LEVEL = "-O";
				VALIDATE_PRODUCT = YES;
			};
			name = Release;
		};
		749928922D666EF8007B83A2 /* Debug */ = {
			isa = XCBuildConfiguration;
			buildSettings = {
				ASSETCATALOG_COMPILER_APPICON_NAME = AppIcon;
				ASSETCATALOG_COMPILER_GLOBAL_ACCENT_COLOR_NAME = AccentColor;
				CODE_SIGN_STYLE = Automatic;
				CURRENT_PROJECT_VERSION = 1;
				DEVELOPMENT_ASSET_PATHS = "\"iso/Preview Content\"";
				ENABLE_PREVIEWS = YES;
				GENERATE_INFOPLIST_FILE = YES;
				INFOPLIST_KEY_UIApplicationSceneManifest_Generation = YES;
				INFOPLIST_KEY_UIApplicationSupportsIndirectInputEvents = YES;
				INFOPLIST_KEY_UILaunchScreen_Generation = YES;
				INFOPLIST_KEY_UISupportedInterfaceOrientations_iPad = "UIInterfaceOrientationPortrait UIInterfaceOrientationPortraitUpsideDown UIInterfaceOrientationLandscapeLeft UIInterfaceOrientationLandscapeRight";
				INFOPLIST_KEY_UISupportedInterfaceOrientations_iPhone = "UIInterfaceOrientationPortrait UIInterfaceOrientationLandscapeLeft UIInterfaceOrientationLandscapeRight";
				LD_RUNPATH_SEARCH_PATHS = (
					"$(inherited)",
					"@executable_path/Frameworks",
				);
				MARKETING_VERSION = 1.0;
				PRODUCT_BUNDLE_IDENTIFIER = itas.iso;
				PRODUCT_NAME = "$(TARGET_NAME)";
				SWIFT_EMIT_LOC_STRINGS = YES;
				SWIFT_VERSION = 5.0;
				TARGETED_DEVICE_FAMILY = "1,2";
			};
			name = Debug;
		};
		749928932D666EF8007B83A2 /* Release */ = {
			isa = XCBuildConfiguration;
			buildSettings = {
				ASSETCATALOG_COMPILER_APPICON_NAME = AppIcon;
				ASSETCATALOG_COMPILER_GLOBAL_ACCENT_COLOR_NAME = AccentColor;
				CODE_SIGN_STYLE = Automatic;
				CURRENT_PROJECT_VERSION = 1;
				DEVELOPMENT_ASSET_PATHS = "\"iso/Preview Content\"";
				ENABLE_PREVIEWS = YES;
				GENERATE_INFOPLIST_FILE = YES;
				INFOPLIST_KEY_UIApplicationSceneManifest_Generation = YES;
				INFOPLIST_KEY_UIApplicationSupportsIndirectInputEvents = YES;
				INFOPLIST_KEY_UILaunchScreen_Generation = YES;
				INFOPLIST_KEY_UISupportedInterfaceOrientations_iPad = "UIInterfaceOrientationPortrait UIInterfaceOrientationPortraitUpsideDown UIInterfaceOrientationLandscapeLeft UIInterfaceOrientationLandscapeRight";
				INFOPLIST_KEY_UISupportedInterfaceOrientations_iPhone = "UIInterfaceOrientationPortrait UIInterfaceOrientationLandscapeLeft UIInterfaceOrientationLandscapeRight";
				LD_RUNPATH_SEARCH_PATHS = (
					"$(inherited)",
					"@executable_path/Frameworks",
				);
				MARKETING_VERSION = 1.0;
				PRODUCT_BUNDLE_IDENTIFIER = itas.iso;
				PRODUCT_NAME = "$(TARGET_NAME)";
				SWIFT_EMIT_LOC_STRINGS = YES;
				SWIFT_VERSION = 5.0;
				TARGETED_DEVICE_FAMILY = "1,2";
			};
			name = Release;
		};
/* End XCBuildConfiguration section */

/* Begin XCConfigurationList section */
		7499287E2D666EF7007B83A2 /* Build configuration list for PBXProject "iso" */ = {
			isa = XCConfigurationList;
			buildConfigurations = (
				7499288F2D666EF8007B83A2 /* Debug */,
				749928902D666EF8007B83A2 /* Release */,
			);
			defaultConfigurationIsVisible = 0;
			defaultConfigurationName = Release;
		};
		749928912D666EF8007B83A2 /* Build configuration list for PBXNativeTarget "iso" */ = {
			isa = XCConfigurationList;
			buildConfigurations = (
				749928922D666EF8007B83A2 /* Debug */,
				749928932D666EF8007B83A2 /* Release */,
			);
			defaultConfigurationIsVisible = 0;
			defaultConfigurationName = Release;
		};
/* End XCConfigurationList section */

/* Begin XCRemoteSwiftPackageReference section */
		7484FF032D66820500563EB7 /* XCRemoteSwiftPackageReference "firebase-ios-sdk" */ = {
			isa = XCRemoteSwiftPackageReference;
			repositoryURL = "https://github.com/firebase/firebase-ios-sdk";
			requirement = {
				kind = upToNextMajorVersion;
				minimumVersion = 8.0.0;
			};
		};
/* End XCRemoteSwiftPackageReference section */

/* Begin XCSwiftPackageProductDependency section */
		7484FF042D66820500563EB7 /* FirebaseAuth */ = {
			isa = XCSwiftPackageProductDependency;
			package = 7484FF032D66820500563EB7 /* XCRemoteSwiftPackageReference "firebase-ios-sdk" */;
			productName = FirebaseAuth;
		};
		7484FF062D66820500563EB7 /* FirebaseFirestore */ = {
			isa = XCSwiftPackageProductDependency;
			package = 7484FF032D66820500563EB7 /* XCRemoteSwiftPackageReference "firebase-ios-sdk" */;
			productName = FirebaseFirestore;
		};
		7484FF082D66820500563EB7 /* FirebaseFirestoreSwift-Beta */ = {
			isa = XCSwiftPackageProductDependency;
			package = 7484FF032D66820500563EB7 /* XCRemoteSwiftPackageReference "firebase-ios-sdk" */;
			productName = "FirebaseFirestoreSwift-Beta";
		};
		7484FF0A2D66820500563EB7 /* FirebaseStorage */ = {
			isa = XCSwiftPackageProductDependency;
			package = 7484FF032D66820500563EB7 /* XCRemoteSwiftPackageReference "firebase-ios-sdk" */;
			productName = FirebaseStorage;
		};
/* End XCSwiftPackageProductDependency section */
	};
	rootObject = 7499287B2D666EF7007B83A2 /* Project object */;
}
